
Microsoft Visual Studio Solution File, Format Version 12.00
# Visual Studio Version 17
VisualStudioVersion = 17.5.002.0
MinimumVisualStudioVersion = 10.0.40219.1
Project("{9A19103F-16F7-4668-BE54-9A1E7A4F7556}") = "ServerCore", "ServerCore\ServerCore.csproj", "{DF5D7C1D-BA4B-4F6D-8D2C-6A3C7488518A}"
EndProject
Project("{9A19103F-16F7-4668-BE54-9A1E7A4F7556}") = "DummyClient", "DummyClient\DummyClient.csproj", "{72557C74-ECAA-453B-85DC-2744E71DAE72}"
EndProject
Project("{FAE04EC0-301F-11D3-BF4B-00C04F79EFBC}") = "Server", "Server\Server.csproj", "{C0B3D6C5-A0CD-456E-AFCF-DF58990E5F33}"
EndProject
Project("{2150E333-8FDC-42A3-9474-1A3956D46DE8}") = "Tools", "Tools", "{E0374554-1D99-4C49-9494-58F013549D02}"
EndProject
Project("{FAE04EC0-301F-11D3-BF4B-00C04F79EFBC}") = "PacketGenerator", "Tools\PacketGenerator\PacketGenerator.csproj", "{4AAE6BA2-B2BB-4B3D-A1F0-E45172A8217F}"
EndProject
Global
	GlobalSection(SolutionConfigurationPlatforms) = preSolution
		Debug|Any CPU = Debug|Any CPU
		Release|Any CPU = Release|Any CPU
	EndGlobalSection
	GlobalSection(ProjectConfigurationPlatforms) = postSolution
		{DF5D7C1D-BA4B-4F6D-8D2C-6A3C7488518A}.Debug|Any CPU.ActiveCfg = Debug|Any CPU
		{DF5D7C1D-BA4B-4F6D-8D2C-6A3C7488518A}.Debug|Any CPU.Build.0 = Debug|Any CPU
		{DF5D7C1D-BA4B-4F6D-8D2C-6A3C7488518A}.Release|Any CPU.ActiveCfg = Release|Any CPU
		{DF5D7C1D-BA4B-4F6D-8D2C-6A3C7488518A}.Release|Any CPU.Build.0 = Release|Any CPU
		{72557C74-ECAA-453B-85DC-2744E71DAE72}.Debug|Any CPU.ActiveCfg = Debug|Any CPU
		{72557C74-ECAA-453B-85DC-2744E71DAE72}.Debug|Any CPU.Build.0 = Debug|Any CPU
		{72557C74-ECAA-453B-85DC-2744E71DAE72}.Release|Any CPU.ActiveCfg = Release|Any CPU
		{72557C74-ECAA-453B-85DC-2744E71DAE72}.Release|Any CPU.Build.0 = Release|Any CPU
		{C0B3D6C5-A0CD-456E-AFCF-DF58990E5F33}.Debug|Any CPU.ActiveCfg = Debug|Any CPU
		{C0B3D6C5-A0CD-456E-AFCF-DF58990E5F33}.Debug|Any CPU.Build.0 = Debug|Any CPU
		{C0B3D6C5-A0CD-456E-AFCF-DF58990E5F33}.Release|Any CPU.ActiveCfg = Release|Any CPU
		{C0B3D6C5-A0CD-456E-AFCF-DF58990E5F33}.Release|Any CPU.Build.0 = Release|Any CPU
		{4AAE6BA2-B2BB-4B3D-A1F0-E45172A8217F}.Debug|Any CPU.ActiveCfg = Debug|Any CPU
		{4AAE6BA2-B2BB-4B3D-A1F0-E45172A8217F}.Debug|Any CPU.Build.0 = Debug|Any CPU
		{4AAE6BA2-B2BB-4B3D-A1F0-E45172A8217F}.Release|Any CPU.ActiveCfg = Release|Any CPU
		{4AAE6BA2-B2BB-4B3D-A1F0-E45172A8217F}.Release|Any CPU.Build.0 = Release|Any CPU
	EndGlobalSection
	GlobalSection(SolutionProperties) = preSolution
		HideSolutionNode = FALSE
	EndGlobalSection
	GlobalSection(ExtensibilityGlobals) = postSolution
		SolutionGuid = {71EC8337-20BA-4CD5-AC2F-DA911B2D5039}
	EndGlobalSection
	GlobalSection(NestedProjects) = preSolution
		{4AAE6BA2-B2BB-4B3D-A1F0-E45172A8217F} = {E0374554-1D99-4C49-9494-58F013549D02}
	EndGlobalSection
EndGlobal
